
Microsoft Visual Studio Solution File, Format Version 12.00
# Visual Studio Version 16
VisualStudioVersion = 16.0.29519.181
MinimumVisualStudioVersion = 10.0.40219.1
Project("{FAE04EC0-301F-11D3-BF4B-00C04F79EFBC}") = "BlazorA", "BlazorA\BlazorA.csproj", "{0CD74794-7CEF-437B-B241-D1837C5936F7}"
EndProject
Global
	GlobalSection(SolutionConfigurationPlatforms) = preSolution
		Debug|Any CPU = Debug|Any CPU
		Release|Any CPU = Release|Any CPU
	EndGlobalSection
	GlobalSection(ProjectConfigurationPlatforms) = postSolution
		{0CD74794-7CEF-437B-B241-D1837C5936F7}.Debug|Any CPU.ActiveCfg = Debug|Any CPU
		{0CD74794-7CEF-437B-B241-D1837C5936F7}.Debug|Any CPU.Build.0 = Debug|Any CPU
		{0CD74794-7CEF-437B-B241-D1837C5936F7}.Release|Any CPU.ActiveCfg = Release|Any CPU
		{0CD74794-7CEF-437B-B241-D1837C5936F7}.Release|Any CPU.Build.0 = Release|Any CPU
	EndGlobalSection
	GlobalSection(SolutionProperties) = preSolution
		HideSolutionNode = FALSE
	EndGlobalSection
	GlobalSection(ExtensibilityGlobals) = postSolution
		SolutionGuid = {B23D69D4-5AE4-4F26-8CEB-EEFD12DBE2D7}
	EndGlobalSection
EndGlobal
